{
  "version": 4,
  "terraform_version": "0.12.7",
  "serial": 10,
  "lineage": "530bf8a4-1f4e-80dd-8ee7-69e335dec801",
  "outputs": {
    "public_ip": {
      "value": "34.244.205.88",
      "type": "string"
    }
  },
  "resources": [
    {
      "mode": "managed",
      "type": "aws_instance",
      "name": "my_instance",
      "provider": "provider.aws",
      "instances": [
        {
          "schema_version": 1,
          "attributes": {
            "ami": "ami-a625b8df",
            "arn": "arn:aws:ec2:eu-west-1:188378644233:instance/i-0e4afac031de9e0f2",
            "associate_public_ip_address": true,
            "availability_zone": "eu-west-1b",
            "cpu_core_count": 1,
            "cpu_threads_per_core": 1,
            "credit_specification": [
              {
                "cpu_credits": "standard"
              }
            ],
            "disable_api_termination": false,
            "ebs_block_device": [],
            "ebs_optimized": false,
            "ephemeral_block_device": [],
            "get_password_data": false,
            "host_id": null,
            "iam_instance_profile": "",
            "id": "i-0e4afac031de9e0f2",
            "instance_initiated_shutdown_behavior": null,
            "instance_state": "running",
            "instance_type": "t2.micro",
            "ipv6_address_count": 0,
            "ipv6_addresses": [],
            "key_name": "deployer-key",
            "monitoring": false,
            "network_interface": [],
            "network_interface_id": null,
            "password_data": "",
            "placement_group": "",
            "primary_network_interface_id": "eni-08ddcdf4750b51229",
            "private_dns": "ip-172-31-22-18.eu-west-1.compute.internal",
            "private_ip": "172.31.22.18",
            "public_dns": "ec2-34-244-205-88.eu-west-1.compute.amazonaws.com",
            "public_ip": "34.244.205.88",
            "root_block_device": [
              {
                "delete_on_termination": false,
                "encrypted": false,
                "iops": 0,
                "kms_key_id": "",
                "volume_id": "vol-0937f2d363faabf0b",
                "volume_size": 8,
                "volume_type": "standard"
              }
            ],
            "security_groups": [
              "terraform-my-instance"
            ],
            "source_dest_check": true,
            "subnet_id": "subnet-d264389a",
            "tags": null,
            "tenancy": "default",
            "timeouts": null,
            "user_data": null,
            "user_data_base64": null,
            "volume_tags": {},
            "vpc_security_group_ids": [
              "sg-04ed8d593675d9038"
            ]
          },
          "private": "eyJlMmJmYjczMC1lY2FhLTExZTYtOGY4OC0zNDM2M2JjN2M0YzAiOnsiY3JlYXRlIjo2MDAwMDAwMDAwMDAsImRlbGV0ZSI6MTIwMDAwMDAwMDAwMCwidXBkYXRlIjo2MDAwMDAwMDAwMDB9LCJzY2hlbWFfdmVyc2lvbiI6IjEifQ==",
          "depends_on": [
            "aws_key_pair.deployer",
            "aws_security_group.instance"
          ]
        }
      ]
    },
    {
      "mode": "managed",
      "type": "aws_key_pair",
      "name": "deployer",
      "provider": "provider.aws",
      "instances": [
        {
          "schema_version": 1,
          "attributes": {
            "fingerprint": "86:6b:45:d4:52:dc:8a:40:1a:b4:62:94:28:07:22:af",
            "id": "deployer-key",
            "key_name": "deployer-key",
            "key_name_prefix": null,
            "public_key": "ssh-rsa AAAAB3NzaC1yc2EAAAABIwAAAQEAn3ENhh1aS0kZmj6IkTH8QgQ9OxLHsew2Rwhpzo+4bivF0LDmdkAtJV0b/LcgO+YPUmCvUDur1V8d4cnsD9FVTzXGYlQlI/85QtMHgRr+hRRG5huQKk58LdNqwZcD5RT9/NEA1l4z31lb/YwwRUFilYT6WfY3HHsrG09TkAPUi2++afFfhQNlrzUjA3Q4Eaz8GmEDqVJqM4XgKIHqKS2eIaoC2HCWys97QLmNerOcAb7i2vymvv1dNvlJJjjLhHVBV3m8/v5XeR0sfksOGxvDeHh+/AzqFYEcFtt157z8Sg6J7wYyvwAD37wP1n2F1n7HZvnFnwNvmrAGWujCsCTB4w== david@rakis"
          },
          "private": "eyJzY2hlbWFfdmVyc2lvbiI6IjEifQ=="
        }
      ]
    },
    {
      "mode": "managed",
      "type": "aws_security_group",
      "name": "instance",
      "provider": "provider.aws",
      "instances": [
        {
          "schema_version": 1,
          "attributes": {
            "arn": "arn:aws:ec2:eu-west-1:188378644233:security-group/sg-04ed8d593675d9038",
            "description": "Managed by Terraform",
            "egress": [],
            "id": "sg-04ed8d593675d9038",
            "ingress": [
              {
                "cidr_blocks": [
                  "0.0.0.0/0"
                ],
                "description": "",
                "from_port": 0,
                "ipv6_cidr_blocks": [],
                "prefix_list_ids": [],
                "protocol": "-1",
                "security_groups": [],
                "self": false,
                "to_port": 0
              }
            ],
            "name": "terraform-my-instance",
            "name_prefix": null,
            "owner_id": "188378644233",
            "revoke_rules_on_delete": false,
            "tags": null,
            "timeouts": null,
            "vpc_id": "vpc-316a7957"
          },
          "private": "eyJlMmJmYjczMC1lY2FhLTExZTYtOGY4OC0zNDM2M2JjN2M0YzAiOnsiY3JlYXRlIjo2MDAwMDAwMDAwMDAsImRlbGV0ZSI6NjAwMDAwMDAwMDAwfSwic2NoZW1hX3ZlcnNpb24iOiIxIn0="
        }
      ]
    }
  ]
}
